PODS:
  - Flutter (1.0.0)
  - screen_protector (1.4.6):
    - Flutter
    - ScreenProtectorKit (= 1.4.2)
  - ScreenProtectorKit (1.4.2)

DEPENDENCIES:
  - Flutter (from `Flutter`)
  - screen_protector (from `.symlinks/plugins/screen_protector/ios`)

SPEC REPOS:
  trunk:
    - ScreenProtectorKit

EXTERNAL SOURCES:
  Flutter:
    :path: Flutter
  screen_protector:
    :path: ".symlinks/plugins/screen_protector/ios"

SPEC CHECKSUMS:
  Flutter: cabc95a1d2626b1b06e7179b784ebcf0c0cde467
  screen_protector: dc5f885bc1a59fba80ae486c7b5a1a5d95c506f7
  ScreenProtectorKit: 9a05e5d137175e6d6e4fa81c2994e7614689efe6

PODFILE CHECKSUM: cc1f88378b4bfcf93a6ce00d2c587857c6008d3b

COCOAPODS: 1.16.2
