PODS:
  - Flutter (1.0.0)
  - screen_protector (1.0.0):
    - Flutter
    - ScreenProtectorKit
  - ScreenProtectorKit (1.1.0)

DEPENDENCIES:
  - Flutter (from `Flutter`)
  - screen_protector (from `.symlinks/plugins/screen_protector/ios`)

SPEC REPOS:
  trunk:
    - ScreenProtectorKit

EXTERNAL SOURCES:
  Flutter:
    :path: Flutter
  screen_protector:
    :path: ".symlinks/plugins/screen_protector/ios"

SPEC CHECKSUMS:
  Flutter: 50d75fe2f02b26cc09d224853bb45737f8b3214a
  screen_protector: 21067bf2a6f9f1ee5cb25c30c5e72a2aaf463bf8
  ScreenProtectorKit: 3636418c709fa2ea274a4072a06cb63245ee7b66

PODFILE CHECKSUM: 7368163408c647b7eb699d0d788ba6718e18fb8d

COCOAPODS: 1.11.2
